
Microsoft Visual Studio Solution File, Format Version 12.00
# Visual Studio Version 17
VisualStudioVersion = 17.0.31717.71
MinimumVisualStudioVersion = 10.0.40219.1
Project("{FAE04EC0-301F-11D3-BF4B-00C04F79EFBC}") = "SmartHomeWebApp", "SmartHomeWebApp\SmartHomeWebApp.csproj", "{96A60845-639B-41FC-8D28-CE3A07812B30}"
EndProject
Global
	GlobalSection(SolutionConfigurationPlatforms) = preSolution
		Debug|Any CPU = Debug|Any CPU
		Release|Any CPU = Release|Any CPU
	EndGlobalSection
	GlobalSection(ProjectConfigurationPlatforms) = postSolution
		{96A60845-639B-41FC-8D28-CE3A07812B30}.Debug|Any CPU.ActiveCfg = Debug|Any CPU
		{96A60845-639B-41FC-8D28-CE3A07812B30}.Debug|Any CPU.Build.0 = Debug|Any CPU
		{96A60845-639B-41FC-8D28-CE3A07812B30}.Release|Any CPU.ActiveCfg = Release|Any CPU
		{96A60845-639B-41FC-8D28-CE3A07812B30}.Release|Any CPU.Build.0 = Release|Any CPU
	EndGlobalSection
	GlobalSection(SolutionProperties) = preSolution
		HideSolutionNode = FALSE
	EndGlobalSection
	GlobalSection(ExtensibilityGlobals) = postSolution
		SolutionGuid = {64022957-BF85-41C6-A10E-EE6663AF78F1}
	EndGlobalSection
EndGlobal
